
Microsoft Visual Studio Solution File, Format Version 12.00
# Visual Studio Version 17
VisualStudioVersion = 17.14.36511.14 d17.14
MinimumVisualStudioVersion = 10.0.40219.1
Project("{FAE04EC0-301F-11D3-BF4B-00C04F79EFBC}") = "BD_Servis", "BD_Servis.csproj", "{4DD3A225-70A7-44B0-8BC1-7B15A0A2A9CB}"
EndProject
Global
	GlobalSection(SolutionConfigurationPlatforms) = preSolution
		Debug|Any CPU = Debug|Any CPU
		Release|Any CPU = Release|Any CPU
	EndGlobalSection
	GlobalSection(ProjectConfigurationPlatforms) = postSolution
		{4DD3A225-70A7-44B0-8BC1-7B15A0A2A9CB}.Debug|Any CPU.ActiveCfg = Debug|Any CPU
		{4DD3A225-70A7-44B0-8BC1-7B15A0A2A9CB}.Debug|Any CPU.Build.0 = Debug|Any CPU
		{4DD3A225-70A7-44B0-8BC1-7B15A0A2A9CB}.Release|Any CPU.ActiveCfg = Release|Any CPU
		{4DD3A225-70A7-44B0-8BC1-7B15A0A2A9CB}.Release|Any CPU.Build.0 = Release|Any CPU
	EndGlobalSection
	GlobalSection(SolutionProperties) = preSolution
		HideSolutionNode = FALSE
	EndGlobalSection
	GlobalSection(ExtensibilityGlobals) = postSolution
		SolutionGuid = {23BA8E20-F47D-4386-A107-BE550ED145F2}
	EndGlobalSection
EndGlobal
